// !$*UTF8*$!
{
	archiveVersion = 1;
	classes = {
	};
	objectVersion = 56;
	objects = {

/* Begin PBXBuildFile section */
		8CDA1DF9299FC36100BAD614 /* cli.swift in Sources */ = {isa = PBXBuildFile; fileRef = 8CDA1DF8299FC36100BAD614 /* cli.swift */; };
		8CDA1E01299FC3A800BAD614 /* ArgumentParser in Frameworks */ = {isa = PBXBuildFile; productRef = 8CDA1E00299FC3A800BAD614 /* ArgumentParser */; };
		8CDA1E04299FC44D00BAD614 /* PythonSwiftLinkParser in Frameworks */ = {isa = PBXBuildFile; productRef = 8CDA1E03299FC44D00BAD614 /* PythonSwiftLinkParser */; };
/* End PBXBuildFile section */

/* Begin PBXCopyFilesBuildPhase section */
		8CDA1DF3299FC36100BAD614 /* CopyFiles */ = {
			isa = PBXCopyFilesBuildPhase;
			buildActionMask = 2147483647;
			dstPath = /usr/share/man/man1/;
			dstSubfolderSpec = 0;
			files = (
			);
			runOnlyForDeploymentPostprocessing = 1;
		};
/* End PBXCopyFilesBuildPhase section */

/* Begin PBXFileReference section */
		8CDA1DF5299FC36100BAD614 /* CustomCLI_Swiftonize */ = {isa = PBXFileReference; explicitFileType = "compiled.mach-o.executable"; includeInIndex = 0; path = CustomCLI_Swiftonize; sourceTree = BUILT_PRODUCTS_DIR; };
		8CDA1DF8299FC36100BAD614 /* cli.swift */ = {isa = PBXFileReference; lastKnownFileType = sourcecode.swift; path = cli.swift; sourceTree = "<group>"; };
/* End PBXFileReference section */

/* Begin PBXFrameworksBuildPhase section */
		8CDA1DF2299FC36100BAD614 /* Frameworks */ = {
			isa = PBXFrameworksBuildPhase;
			buildActionMask = 2147483647;
			files = (
				8CDA1E01299FC3A800BAD614 /* ArgumentParser in Frameworks */,
				8CDA1E04299FC44D00BAD614 /* PythonSwiftLinkParser in Frameworks */,
			);
			runOnlyForDeploymentPostprocessing = 0;
		};
/* End PBXFrameworksBuildPhase section */

/* Begin PBXGroup section */
		8CDA1DEC299FC36100BAD614 = {
			isa = PBXGroup;
			children = (
				8CDA1DF7299FC36100BAD614 /* CustomCLI_Swiftonize */,
				8CDA1DF6299FC36100BAD614 /* Products */,
			);
			sourceTree = "<group>";
		};
		8CDA1DF6299FC36100BAD614 /* Products */ = {
			isa = PBXGroup;
			children = (
				8CDA1DF5299FC36100BAD614 /* CustomCLI_Swiftonize */,
			);
			name = Products;
			sourceTree = "<group>";
		};
		8CDA1DF7299FC36100BAD614 /* CustomCLI_Swiftonize */ = {
			isa = PBXGroup;
			children = (
				8CDA1DF8299FC36100BAD614 /* cli.swift */,
			);
			path = CustomCLI_Swiftonize;
			sourceTree = "<group>";
		};
/* End PBXGroup section */

/* Begin PBXNativeTarget section */
		8CDA1DF4299FC36100BAD614 /* CustomCLI_Swiftonize */ = {
			isa = PBXNativeTarget;
			buildConfigurationList = 8CDA1DFC299FC36100BAD614 /* Build configuration list for PBXNativeTarget "CustomCLI_Swiftonize" */;
			buildPhases = (
				8CDA1DF1299FC36100BAD614 /* Sources */,
				8CDA1DF2299FC36100BAD614 /* Frameworks */,
				8CDA1DF3299FC36100BAD614 /* CopyFiles */,
			);
			buildRules = (
			);
			dependencies = (
			);
			name = CustomCLI_Swiftonize;
			packageProductDependencies = (
				8CDA1E00299FC3A800BAD614 /* ArgumentParser */,
				8CDA1E03299FC44D00BAD614 /* PythonSwiftLinkParser */,
			);
			productName = CustomCLI_Swiftonize;
			productReference = 8CDA1DF5299FC36100BAD614 /* CustomCLI_Swiftonize */;
			productType = "com.apple.product-type.tool";
		};
/* End PBXNativeTarget section */

/* Begin PBXProject section */
		8CDA1DED299FC36100BAD614 /* Project object */ = {
			isa = PBXProject;
			attributes = {
				BuildIndependentTargetsInParallel = 1;
				LastSwiftUpdateCheck = 1420;
				LastUpgradeCheck = 1420;
				TargetAttributes = {
					8CDA1DF4299FC36100BAD614 = {
						CreatedOnToolsVersion = 14.2;
					};
				};
			};
			buildConfigurationList = 8CDA1DF0299FC36100BAD614 /* Build configuration list for PBXProject "CustomCLI_Swiftonize" */;
			compatibilityVersion = "Xcode 14.0";
			developmentRegion = en;
			hasScannedForEncodings = 0;
			knownRegions = (
				en,
				Base,
			);
			mainGroup = 8CDA1DEC299FC36100BAD614;
			packageReferences = (
				8CDA1DFF299FC3A800BAD614 /* XCRemoteSwiftPackageReference "swift-argument-parser" */,
				8CDA1E02299FC44D00BAD614 /* XCRemoteSwiftPackageReference "PythonSwiftLinkParser" */,
			);
			productRefGroup = 8CDA1DF6299FC36100BAD614 /* Products */;
			projectDirPath = "";
			projectRoot = "";
			targets = (
				8CDA1DF4299FC36100BAD614 /* CustomCLI_Swiftonize */,
			);
		};
/* End PBXProject section */

/* Begin PBXSourcesBuildPhase section */
		8CDA1DF1299FC36100BAD614 /* Sources */ = {
			isa = PBXSourcesBuildPhase;
			buildActionMask = 2147483647;
			files = (
				8CDA1DF9299FC36100BAD614 /* cli.swift in Sources */,
			);
			runOnlyForDeploymentPostprocessing = 0;
		};
/* End PBXSourcesBuildPhase section */

/* Begin XCBuildConfiguration section */
		8CDA1DFA299FC36100BAD614 /* Debug */ = {
			isa = XCBuildConfiguration;
			buildSettings = {
				ALWAYS_SEARCH_USER_PATHS = NO;
				CLANG_ANALYZER_NONNULL = YES;
				CLANG_ANALYZER_NUMBER_OBJECT_CONVERSION = YES_AGGRESSIVE;
				CLANG_CXX_LANGUAGE_STANDARD = "gnu++20";
				CLANG_ENABLE_MODULES = YES;
				CLANG_ENABLE_OBJC_ARC = YES;
				CLANG_ENABLE_OBJC_WEAK = YES;
				CLANG_WARN_BLOCK_CAPTURE_AUTORELEASING = YES;
				CLANG_WARN_BOOL_CONVERSION = YES;
				CLANG_WARN_COMMA = YES;
				CLANG_WARN_CONSTANT_CONVERSION = YES;
				CLANG_WARN_DEPRECATED_OBJC_IMPLEMENTATIONS = YES;
				CLANG_WARN_DIRECT_OBJC_ISA_USAGE = YES_ERROR;
				CLANG_WARN_DOCUMENTATION_COMMENTS = YES;
				CLANG_WARN_EMPTY_BODY = YES;
				CLANG_WARN_ENUM_CONVERSION = YES;
				CLANG_WARN_INFINITE_RECURSION = YES;
				CLANG_WARN_INT_CONVERSION = YES;
				CLANG_WARN_NON_LITERAL_NULL_CONVERSION = YES;
				CLANG_WARN_OBJC_IMPLICIT_RETAIN_SELF = YES;
				CLANG_WARN_OBJC_LITERAL_CONVERSION = YES;
				CLANG_WARN_OBJC_ROOT_CLASS = YES_ERROR;
				CLANG_WARN_QUOTED_INCLUDE_IN_FRAMEWORK_HEADER = YES;
				CLANG_WARN_RANGE_LOOP_ANALYSIS = YES;
				CLANG_WARN_STRICT_PROTOTYPES = YES;
				CLANG_WARN_SUSPICIOUS_MOVE = YES;
				CLANG_WARN_UNGUARDED_AVAILABILITY = YES_AGGRESSIVE;
				CLANG_WARN_UNREACHABLE_CODE = YES;
				CLANG_WARN__DUPLICATE_METHOD_MATCH = YES;
				COPY_PHASE_STRIP = NO;
				DEBUG_INFORMATION_FORMAT = dwarf;
				ENABLE_STRICT_OBJC_MSGSEND = YES;
				ENABLE_TESTABILITY = YES;
				GCC_C_LANGUAGE_STANDARD = gnu11;
				GCC_DYNAMIC_NO_PIC = NO;
				GCC_NO_COMMON_BLOCKS = YES;
				GCC_OPTIMIZATION_LEVEL = 0;
				GCC_PREPROCESSOR_DEFINITIONS = (
					"DEBUG=1",
					"$(inherited)",
				);
				GCC_WARN_64_TO_32_BIT_CONVERSION = YES;
				GCC_WARN_ABOUT_RETURN_TYPE = YES_ERROR;
				GCC_WARN_UNDECLARED_SELECTOR = YES;
				GCC_WARN_UNINITIALIZED_AUTOS = YES_AGGRESSIVE;
				GCC_WARN_UNUSED_FUNCTION = YES;
				GCC_WARN_UNUSED_VARIABLE = YES;
				MACOSX_DEPLOYMENT_TARGET = 13.1;
				MTL_ENABLE_DEBUG_INFO = INCLUDE_SOURCE;
				MTL_FAST_MATH = YES;
				ONLY_ACTIVE_ARCH = YES;
				SDKROOT = macosx;
				SWIFT_ACTIVE_COMPILATION_CONDITIONS = DEBUG;
				SWIFT_OPTIMIZATION_LEVEL = "-Onone";
			};
			name = Debug;
		};
		8CDA1DFB299FC36100BAD614 /* Release */ = {
			isa = XCBuildConfiguration;
			buildSettings = {
				ALWAYS_SEARCH_USER_PATHS = NO;
				CLANG_ANALYZER_NONNULL = YES;
				CLANG_ANALYZER_NUMBER_OBJECT_CONVERSION = YES_AGGRESSIVE;
				CLANG_CXX_LANGUAGE_STANDARD = "gnu++20";
				CLANG_ENABLE_MODULES = YES;
				CLANG_ENABLE_OBJC_ARC = YES;
				CLANG_ENABLE_OBJC_WEAK = YES;
				CLANG_WARN_BLOCK_CAPTURE_AUTORELEASING = YES;
				CLANG_WARN_BOOL_CONVERSION = YES;
				CLANG_WARN_COMMA = YES;
				CLANG_WARN_CONSTANT_CONVERSION = YES;
				CLANG_WARN_DEPRECATED_OBJC_IMPLEMENTATIONS = YES;
				CLANG_WARN_DIRECT_OBJC_ISA_USAGE = YES_ERROR;
				CLANG_WARN_DOCUMENTATION_COMMENTS = YES;
				CLANG_WARN_EMPTY_BODY = YES;
				CLANG_WARN_ENUM_CONVERSION = YES;
				CLANG_WARN_INFINITE_RECURSION = YES;
				CLANG_WARN_INT_CONVERSION = YES;
				CLANG_WARN_NON_LITERAL_NULL_CONVERSION = YES;
				CLANG_WARN_OBJC_IMPLICIT_RETAIN_SELF = YES;
				CLANG_WARN_OBJC_LITERAL_CONVERSION = YES;
				CLANG_WARN_OBJC_ROOT_CLASS = YES_ERROR;
				CLANG_WARN_QUOTED_INCLUDE_IN_FRAMEWORK_HEADER = YES;
				CLANG_WARN_RANGE_LOOP_ANALYSIS = YES;
				CLANG_WARN_STRICT_PROTOTYPES = YES;
				CLANG_WARN_SUSPICIOUS_MOVE = YES;
				CLANG_WARN_UNGUARDED_AVAILABILITY = YES_AGGRESSIVE;
				CLANG_WARN_UNREACHABLE_CODE = YES;
				CLANG_WARN__DUPLICATE_METHOD_MATCH = YES;
				COPY_PHASE_STRIP = NO;
				DEBUG_INFORMATION_FORMAT = "dwarf-with-dsym";
				ENABLE_NS_ASSERTIONS = NO;
				ENABLE_STRICT_OBJC_MSGSEND = YES;
				GCC_C_LANGUAGE_STANDARD = gnu11;
				GCC_NO_COMMON_BLOCKS = YES;
				GCC_WARN_64_TO_32_BIT_CONVERSION = YES;
				GCC_WARN_ABOUT_RETURN_TYPE = YES_ERROR;
				GCC_WARN_UNDECLARED_SELECTOR = YES;
				GCC_WARN_UNINITIALIZED_AUTOS = YES_AGGRESSIVE;
				GCC_WARN_UNUSED_FUNCTION = YES;
				GCC_WARN_UNUSED_VARIABLE = YES;
				MACOSX_DEPLOYMENT_TARGET = 13.1;
				MTL_ENABLE_DEBUG_INFO = NO;
				MTL_FAST_MATH = YES;
				SDKROOT = macosx;
				SWIFT_COMPILATION_MODE = wholemodule;
				SWIFT_OPTIMIZATION_LEVEL = "-O";
			};
			name = Release;
		};
		8CDA1DFD299FC36100BAD614 /* Debug */ = {
			isa = XCBuildConfiguration;
			buildSettings = {
				CODE_SIGN_STYLE = Automatic;
				MACOSX_DEPLOYMENT_TARGET = 12.0;
				PRODUCT_NAME = "$(TARGET_NAME)";
				SWIFT_VERSION = 5.0;
			};
			name = Debug;
		};
		8CDA1DFE299FC36100BAD614 /* Release */ = {
			isa = XCBuildConfiguration;
			buildSettings = {
				CODE_SIGN_STYLE = Automatic;
				MACOSX_DEPLOYMENT_TARGET = 12.0;
				PRODUCT_NAME = "$(TARGET_NAME)";
				SWIFT_VERSION = 5.0;
			};
			name = Release;
		};
/* End XCBuildConfiguration section */

/* Begin XCConfigurationList section */
		8CDA1DF0299FC36100BAD614 /* Build configuration list for PBXProject "CustomCLI_Swiftonize" */ = {
			isa = XCConfigurationList;
			buildConfigurations = (
				8CDA1DFA299FC36100BAD614 /* Debug */,
				8CDA1DFB299FC36100BAD614 /* Release */,
			);
			defaultConfigurationIsVisible = 0;
			defaultConfigurationName = Release;
		};
		8CDA1DFC299FC36100BAD614 /* Build configuration list for PBXNativeTarget "CustomCLI_Swiftonize" */ = {
			isa = XCConfigurationList;
			buildConfigurations = (
				8CDA1DFD299FC36100BAD614 /* Debug */,
				8CDA1DFE299FC36100BAD614 /* Release */,
			);
			defaultConfigurationIsVisible = 0;
			defaultConfigurationName = Release;
		};
/* End XCConfigurationList section */

/* Begin XCRemoteSwiftPackageReference section */
		8CDA1DFF299FC3A800BAD614 /* XCRemoteSwiftPackageReference "swift-argument-parser" */ = {
			isa = XCRemoteSwiftPackageReference;
			repositoryURL = "https://github.com/apple/swift-argument-parser.git";
			requirement = {
				kind = upToNextMajorVersion;
				minimumVersion = 1.0.0;
			};
		};
		8CDA1E02299FC44D00BAD614 /* XCRemoteSwiftPackageReference "PythonSwiftLinkParser" */ = {
			isa = XCRemoteSwiftPackageReference;
			repositoryURL = "https://github.com/PythonSwiftLink/PythonSwiftLinkParser";
			requirement = {
				branch = main;
				kind = branch;
			};
		};
/* End XCRemoteSwiftPackageReference section */

/* Begin XCSwiftPackageProductDependency section */
		8CDA1E00299FC3A800BAD614 /* ArgumentParser */ = {
			isa = XCSwiftPackageProductDependency;
			package = 8CDA1DFF299FC3A800BAD614 /* XCRemoteSwiftPackageReference "swift-argument-parser" */;
			productName = ArgumentParser;
		};
		8CDA1E03299FC44D00BAD614 /* PythonSwiftLinkParser */ = {
			isa = XCSwiftPackageProductDependency;
			package = 8CDA1E02299FC44D00BAD614 /* XCRemoteSwiftPackageReference "PythonSwiftLinkParser" */;
			productName = PythonSwiftLinkParser;
		};
/* End XCSwiftPackageProductDependency section */
	};
	rootObject = 8CDA1DED299FC36100BAD614 /* Project object */;
}
